
Microsoft Visual Studio Solution File, Format Version 12.00
# Visual Studio 15
VisualStudioVersion = 15.0.28010.2048
MinimumVisualStudioVersion = 10.0.40219.1
Project("{FAE04EC0-301F-11D3-BF4B-00C04F79EFBC}") = "MyFirstWebApp", "MyFirstWebApp\MyFirstWebApp.csproj", "{024F5513-3D55-4AF3-A9E9-885380CE6BFD}"
EndProject
Global
	GlobalSection(SolutionConfigurationPlatforms) = preSolution
		Debug|Any CPU = Debug|Any CPU
		Release|Any CPU = Release|Any CPU
	EndGlobalSection
	GlobalSection(ProjectConfigurationPlatforms) = postSolution
		{024F5513-3D55-4AF3-A9E9-885380CE6BFD}.Debug|Any CPU.ActiveCfg = Debug|Any CPU
		{024F5513-3D55-4AF3-A9E9-885380CE6BFD}.Debug|Any CPU.Build.0 = Debug|Any CPU
		{024F5513-3D55-4AF3-A9E9-885380CE6BFD}.Release|Any CPU.ActiveCfg = Release|Any CPU
		{024F5513-3D55-4AF3-A9E9-885380CE6BFD}.Release|Any CPU.Build.0 = Release|Any CPU
	EndGlobalSection
	GlobalSection(SolutionProperties) = preSolution
		HideSolutionNode = FALSE
	EndGlobalSection
	GlobalSection(ExtensibilityGlobals) = postSolution
		SolutionGuid = {E8812D6F-AF77-4F21-BCF0-FAFE45109D29}
	EndGlobalSection
EndGlobal
